{
  "name": "yeelight-controller",
  "version": "1.0.0",
  "lockfileVersion": 2,
  "requires": true,
  "packages": {
    "": {
      "name": "yeelight-controller",
      "version": "1.0.0",
      "license": "ISC",
      "dependencies": {
        "yeelight-node": "^1.1.5"
      }
    },
    "node_modules/yeelight-node": {
      "version": "1.1.5",
      "resolved": "https://registry.npmjs.org/yeelight-node/-/yeelight-node-1.1.5.tgz",
      "integrity": "sha512-5bfaAJiaLAah6y8cwSaaJqovtyyC3sGmWji5ZHNwl9gIV3H9LKLq7CddlrSWuhO89H095X2mGwbfcm7Acl3CIw=="
    }
  },
  "dependencies": {
    "yeelight-node": {
      "version": "1.1.5",
      "resolved": "https://registry.npmjs.org/yeelight-node/-/yeelight-node-1.1.5.tgz",
      "integrity": "sha512-5bfaAJiaLAah6y8cwSaaJqovtyyC3sGmWji5ZHNwl9gIV3H9LKLq7CddlrSWuhO89H095X2mGwbfcm7Acl3CIw=="
    }
  }
}
